
Microsoft Visual Studio Solution File, Format Version 12.00
# Visual Studio Version 17
VisualStudioVersion = 17.4.33205.214
MinimumVisualStudioVersion = 10.0.40219.1
Project("{9A19103F-16F7-4668-BE54-9A1E7A4F7556}") = "WeatherApp", "WeatherApp\WeatherApp.csproj", "{5A5FF0C6-099C-4AFE-8F74-BDC44AF7AC9F}"
EndProject
Project("{FAE04EC0-301F-11D3-BF4B-00C04F79EFBC}") = "WeatherApp.Prism", "WeatherApp.Prism\WeatherApp.Prism\WeatherApp.Prism.csproj", "{5C5E9F0C-5B1F-4AB7-820B-C6D1ACB99A0A}"
EndProject
Project("{FAE04EC0-301F-11D3-BF4B-00C04F79EFBC}") = "WeatherApp.Prism.Android", "WeatherApp.Prism\WeatherApp.Prism.Android\WeatherApp.Prism.Android.csproj", "{06EF6276-FDC3-4292-AAE0-95711E461953}"
EndProject
Project("{FAE04EC0-301F-11D3-BF4B-00C04F79EFBC}") = "WeatherApp.Prism.iOS", "WeatherApp.Prism\WeatherApp.Prism.iOS\WeatherApp.Prism.iOS.csproj", "{C4B8BBEE-1AAF-488B-812B-5346509C57FA}"
EndProject
Global
	GlobalSection(SolutionConfigurationPlatforms) = preSolution
		Ad-Hoc|Any CPU = Ad-Hoc|Any CPU
		Ad-Hoc|iPhone = Ad-Hoc|iPhone
		Ad-Hoc|iPhoneSimulator = Ad-Hoc|iPhoneSimulator
		AppStore|Any CPU = AppStore|Any CPU
		AppStore|iPhone = AppStore|iPhone
		AppStore|iPhoneSimulator = AppStore|iPhoneSimulator
		Debug|Any CPU = Debug|Any CPU
		Debug|iPhone = Debug|iPhone
		Debug|iPhoneSimulator = Debug|iPhoneSimulator
		Release|Any CPU = Release|Any CPU
		Release|iPhone = Release|iPhone
		Release|iPhoneSimulator = Release|iPhoneSimulator
	EndGlobalSection
	GlobalSection(ProjectConfigurationPlatforms) = postSolution
		{5A5FF0C6-099C-4AFE-8F74-BDC44AF7AC9F}.Ad-Hoc|Any CPU.ActiveCfg = Release|Any CPU
		{5A5FF0C6-099C-4AFE-8F74-BDC44AF7AC9F}.Ad-Hoc|Any CPU.Build.0 = Release|Any CPU
		{5A5FF0C6-099C-4AFE-8F74-BDC44AF7AC9F}.Ad-Hoc|iPhone.ActiveCfg = Release|Any CPU
		{5A5FF0C6-099C-4AFE-8F74-BDC44AF7AC9F}.Ad-Hoc|iPhone.Build.0 = Release|Any CPU
		{5A5FF0C6-099C-4AFE-8F74-BDC44AF7AC9F}.Ad-Hoc|iPhoneSimulator.ActiveCfg = Release|Any CPU
		{5A5FF0C6-099C-4AFE-8F74-BDC44AF7AC9F}.Ad-Hoc|iPhoneSimulator.Build.0 = Release|Any CPU
		{5A5FF0C6-099C-4AFE-8F74-BDC44AF7AC9F}.AppStore|Any CPU.ActiveCfg = Release|Any CPU
		{5A5FF0C6-099C-4AFE-8F74-BDC44AF7AC9F}.AppStore|Any CPU.Build.0 = Release|Any CPU
		{5A5FF0C6-099C-4AFE-8F74-BDC44AF7AC9F}.AppStore|iPhone.ActiveCfg = Release|Any CPU
		{5A5FF0C6-099C-4AFE-8F74-BDC44AF7AC9F}.AppStore|iPhone.Build.0 = Release|Any CPU
		{5A5FF0C6-099C-4AFE-8F74-BDC44AF7AC9F}.AppStore|iPhoneSimulator.ActiveCfg = Release|Any CPU
		{5A5FF0C6-099C-4AFE-8F74-BDC44AF7AC9F}.AppStore|iPhoneSimulator.Build.0 = Release|Any CPU
		{5A5FF0C6-099C-4AFE-8F74-BDC44AF7AC9F}.Debug|Any CPU.ActiveCfg = Debug|Any CPU
		{5A5FF0C6-099C-4AFE-8F74-BDC44AF7AC9F}.Debug|Any CPU.Build.0 = Debug|Any CPU
		{5A5FF0C6-099C-4AFE-8F74-BDC44AF7AC9F}.Debug|iPhone.ActiveCfg = Debug|Any CPU
		{5A5FF0C6-099C-4AFE-8F74-BDC44AF7AC9F}.Debug|iPhone.Build.0 = Debug|Any CPU
		{5A5FF0C6-099C-4AFE-8F74-BDC44AF7AC9F}.Debug|iPhoneSimulator.ActiveCfg = Debug|Any CPU
		{5A5FF0C6-099C-4AFE-8F74-BDC44AF7AC9F}.Debug|iPhoneSimulator.Build.0 = Debug|Any CPU
		{5A5FF0C6-099C-4AFE-8F74-BDC44AF7AC9F}.Release|Any CPU.ActiveCfg = Release|Any CPU
		{5A5FF0C6-099C-4AFE-8F74-BDC44AF7AC9F}.Release|Any CPU.Build.0 = Release|Any CPU
		{5A5FF0C6-099C-4AFE-8F74-BDC44AF7AC9F}.Release|iPhone.ActiveCfg = Release|Any CPU
		{5A5FF0C6-099C-4AFE-8F74-BDC44AF7AC9F}.Release|iPhone.Build.0 = Release|Any CPU
		{5A5FF0C6-099C-4AFE-8F74-BDC44AF7AC9F}.Release|iPhoneSimulator.ActiveCfg = Release|Any CPU
		{5A5FF0C6-099C-4AFE-8F74-BDC44AF7AC9F}.Release|iPhoneSimulator.Build.0 = Release|Any CPU
		{5C5E9F0C-5B1F-4AB7-820B-C6D1ACB99A0A}.Ad-Hoc|Any CPU.ActiveCfg = Debug|Any CPU
		{5C5E9F0C-5B1F-4AB7-820B-C6D1ACB99A0A}.Ad-Hoc|Any CPU.Build.0 = Debug|Any CPU
		{5C5E9F0C-5B1F-4AB7-820B-C6D1ACB99A0A}.Ad-Hoc|iPhone.ActiveCfg = Debug|Any CPU
		{5C5E9F0C-5B1F-4AB7-820B-C6D1ACB99A0A}.Ad-Hoc|iPhone.Build.0 = Debug|Any CPU
		{5C5E9F0C-5B1F-4AB7-820B-C6D1ACB99A0A}.Ad-Hoc|iPhoneSimulator.ActiveCfg = Debug|Any CPU
		{5C5E9F0C-5B1F-4AB7-820B-C6D1ACB99A0A}.Ad-Hoc|iPhoneSimulator.Build.0 = Debug|Any CPU
		{5C5E9F0C-5B1F-4AB7-820B-C6D1ACB99A0A}.AppStore|Any CPU.ActiveCfg = Debug|Any CPU
		{5C5E9F0C-5B1F-4AB7-820B-C6D1ACB99A0A}.AppStore|Any CPU.Build.0 = Debug|Any CPU
		{5C5E9F0C-5B1F-4AB7-820B-C6D1ACB99A0A}.AppStore|iPhone.ActiveCfg = Debug|Any CPU
		{5C5E9F0C-5B1F-4AB7-820B-C6D1ACB99A0A}.AppStore|iPhone.Build.0 = Debug|Any CPU
		{5C5E9F0C-5B1F-4AB7-820B-C6D1ACB99A0A}.AppStore|iPhoneSimulator.ActiveCfg = Debug|Any CPU
		{5C5E9F0C-5B1F-4AB7-820B-C6D1ACB99A0A}.AppStore|iPhoneSimulator.Build.0 = Debug|Any CPU
		{5C5E9F0C-5B1F-4AB7-820B-C6D1ACB99A0A}.Debug|Any CPU.ActiveCfg = Debug|Any CPU
		{5C5E9F0C-5B1F-4AB7-820B-C6D1ACB99A0A}.Debug|Any CPU.Build.0 = Debug|Any CPU
		{5C5E9F0C-5B1F-4AB7-820B-C6D1ACB99A0A}.Debug|iPhone.ActiveCfg = Debug|Any CPU
		{5C5E9F0C-5B1F-4AB7-820B-C6D1ACB99A0A}.Debug|iPhone.Build.0 = Debug|Any CPU
		{5C5E9F0C-5B1F-4AB7-820B-C6D1ACB99A0A}.Debug|iPhoneSimulator.ActiveCfg = Debug|Any CPU
		{5C5E9F0C-5B1F-4AB7-820B-C6D1ACB99A0A}.Debug|iPhoneSimulator.Build.0 = Debug|Any CPU
		{5C5E9F0C-5B1F-4AB7-820B-C6D1ACB99A0A}.Release|Any CPU.ActiveCfg = Release|Any CPU
		{5C5E9F0C-5B1F-4AB7-820B-C6D1ACB99A0A}.Release|Any CPU.Build.0 = Release|Any CPU
		{5C5E9F0C-5B1F-4AB7-820B-C6D1ACB99A0A}.Release|iPhone.ActiveCfg = Release|Any CPU
		{5C5E9F0C-5B1F-4AB7-820B-C6D1ACB99A0A}.Release|iPhone.Build.0 = Release|Any CPU
		{5C5E9F0C-5B1F-4AB7-820B-C6D1ACB99A0A}.Release|iPhoneSimulator.ActiveCfg = Release|Any CPU
		{5C5E9F0C-5B1F-4AB7-820B-C6D1ACB99A0A}.Release|iPhoneSimulator.Build.0 = Release|Any CPU
		{06EF6276-FDC3-4292-AAE0-95711E461953}.Ad-Hoc|Any CPU.ActiveCfg = Debug|Any CPU
		{06EF6276-FDC3-4292-AAE0-95711E461953}.Ad-Hoc|Any CPU.Build.0 = Debug|Any CPU
		{06EF6276-FDC3-4292-AAE0-95711E461953}.Ad-Hoc|Any CPU.Deploy.0 = Debug|Any CPU
		{06EF6276-FDC3-4292-AAE0-95711E461953}.Ad-Hoc|iPhone.ActiveCfg = Debug|Any CPU
		{06EF6276-FDC3-4292-AAE0-95711E461953}.Ad-Hoc|iPhone.Build.0 = Debug|Any CPU
		{06EF6276-FDC3-4292-AAE0-95711E461953}.Ad-Hoc|iPhone.Deploy.0 = Debug|Any CPU
		{06EF6276-FDC3-4292-AAE0-95711E461953}.Ad-Hoc|iPhoneSimulator.ActiveCfg = Debug|Any CPU
		{06EF6276-FDC3-4292-AAE0-95711E461953}.Ad-Hoc|iPhoneSimulator.Build.0 = Debug|Any CPU
		{06EF6276-FDC3-4292-AAE0-95711E461953}.Ad-Hoc|iPhoneSimulator.Deploy.0 = Debug|Any CPU
		{06EF6276-FDC3-4292-AAE0-95711E461953}.AppStore|Any CPU.ActiveCfg = Debug|Any CPU
		{06EF6276-FDC3-4292-AAE0-95711E461953}.AppStore|Any CPU.Build.0 = Debug|Any CPU
		{06EF6276-FDC3-4292-AAE0-95711E461953}.AppStore|Any CPU.Deploy.0 = Debug|Any CPU
		{06EF6276-FDC3-4292-AAE0-95711E461953}.AppStore|iPhone.ActiveCfg = Debug|Any CPU
		{06EF6276-FDC3-4292-AAE0-95711E461953}.AppStore|iPhone.Build.0 = Debug|Any CPU
		{06EF6276-FDC3-4292-AAE0-95711E461953}.AppStore|iPhone.Deploy.0 = Debug|Any CPU
		{06EF6276-FDC3-4292-AAE0-95711E461953}.AppStore|iPhoneSimulator.ActiveCfg = Debug|Any CPU
		{06EF6276-FDC3-4292-AAE0-95711E461953}.AppStore|iPhoneSimulator.Build.0 = Debug|Any CPU
		{06EF6276-FDC3-4292-AAE0-95711E461953}.AppStore|iPhoneSimulator.Deploy.0 = Debug|Any CPU
		{06EF6276-FDC3-4292-AAE0-95711E461953}.Debug|Any CPU.ActiveCfg = Debug|Any CPU
		{06EF6276-FDC3-4292-AAE0-95711E461953}.Debug|Any CPU.Build.0 = Debug|Any CPU
		{06EF6276-FDC3-4292-AAE0-95711E461953}.Debug|Any CPU.Deploy.0 = Debug|Any CPU
		{06EF6276-FDC3-4292-AAE0-95711E461953}.Debug|iPhone.ActiveCfg = Debug|Any CPU
		{06EF6276-FDC3-4292-AAE0-95711E461953}.Debug|iPhone.Build.0 = Debug|Any CPU
		{06EF6276-FDC3-4292-AAE0-95711E461953}.Debug|iPhone.Deploy.0 = Debug|Any CPU
		{06EF6276-FDC3-4292-AAE0-95711E461953}.Debug|iPhoneSimulator.ActiveCfg = Debug|Any CPU
		{06EF6276-FDC3-4292-AAE0-95711E461953}.Debug|iPhoneSimulator.Build.0 = Debug|Any CPU
		{06EF6276-FDC3-4292-AAE0-95711E461953}.Debug|iPhoneSimulator.Deploy.0 = Debug|Any CPU
		{06EF6276-FDC3-4292-AAE0-95711E461953}.Release|Any CPU.ActiveCfg = Release|Any CPU
		{06EF6276-FDC3-4292-AAE0-95711E461953}.Release|Any CPU.Build.0 = Release|Any CPU
		{06EF6276-FDC3-4292-AAE0-95711E461953}.Release|Any CPU.Deploy.0 = Release|Any CPU
		{06EF6276-FDC3-4292-AAE0-95711E461953}.Release|iPhone.ActiveCfg = Release|Any CPU
		{06EF6276-FDC3-4292-AAE0-95711E461953}.Release|iPhone.Build.0 = Release|Any CPU
		{06EF6276-FDC3-4292-AAE0-95711E461953}.Release|iPhone.Deploy.0 = Release|Any CPU
		{06EF6276-FDC3-4292-AAE0-95711E461953}.Release|iPhoneSimulator.ActiveCfg = Release|Any CPU
		{06EF6276-FDC3-4292-AAE0-95711E461953}.Release|iPhoneSimulator.Build.0 = Release|Any CPU
		{06EF6276-FDC3-4292-AAE0-95711E461953}.Release|iPhoneSimulator.Deploy.0 = Release|Any CPU
		{C4B8BBEE-1AAF-488B-812B-5346509C57FA}.Ad-Hoc|Any CPU.ActiveCfg = Ad-Hoc|iPhoneSimulator
		{C4B8BBEE-1AAF-488B-812B-5346509C57FA}.Ad-Hoc|Any CPU.Build.0 = Ad-Hoc|iPhoneSimulator
		{C4B8BBEE-1AAF-488B-812B-5346509C57FA}.Ad-Hoc|iPhone.ActiveCfg = Ad-Hoc|iPhone
		{C4B8BBEE-1AAF-488B-812B-5346509C57FA}.Ad-Hoc|iPhone.Build.0 = Ad-Hoc|iPhone
		{C4B8BBEE-1AAF-488B-812B-5346509C57FA}.Ad-Hoc|iPhoneSimulator.ActiveCfg = Ad-Hoc|iPhoneSimulator
		{C4B8BBEE-1AAF-488B-812B-5346509C57FA}.Ad-Hoc|iPhoneSimulator.Build.0 = Ad-Hoc|iPhoneSimulator
		{C4B8BBEE-1AAF-488B-812B-5346509C57FA}.AppStore|Any CPU.ActiveCfg = AppStore|iPhoneSimulator
		{C4B8BBEE-1AAF-488B-812B-5346509C57FA}.AppStore|Any CPU.Build.0 = AppStore|iPhoneSimulator
		{C4B8BBEE-1AAF-488B-812B-5346509C57FA}.AppStore|iPhone.ActiveCfg = AppStore|iPhone
		{C4B8BBEE-1AAF-488B-812B-5346509C57FA}.AppStore|iPhone.Build.0 = AppStore|iPhone
		{C4B8BBEE-1AAF-488B-812B-5346509C57FA}.AppStore|iPhoneSimulator.ActiveCfg = AppStore|iPhoneSimulator
		{C4B8BBEE-1AAF-488B-812B-5346509C57FA}.AppStore|iPhoneSimulator.Build.0 = AppStore|iPhoneSimulator
		{C4B8BBEE-1AAF-488B-812B-5346509C57FA}.Debug|Any CPU.ActiveCfg = Debug|iPhoneSimulator
		{C4B8BBEE-1AAF-488B-812B-5346509C57FA}.Debug|Any CPU.Build.0 = Debug|iPhoneSimulator
		{C4B8BBEE-1AAF-488B-812B-5346509C57FA}.Debug|iPhone.ActiveCfg = Debug|iPhone
		{C4B8BBEE-1AAF-488B-812B-5346509C57FA}.Debug|iPhone.Build.0 = Debug|iPhone
		{C4B8BBEE-1AAF-488B-812B-5346509C57FA}.Debug|iPhoneSimulator.ActiveCfg = Debug|iPhoneSimulator
		{C4B8BBEE-1AAF-488B-812B-5346509C57FA}.Debug|iPhoneSimulator.Build.0 = Debug|iPhoneSimulator
		{C4B8BBEE-1AAF-488B-812B-5346509C57FA}.Release|Any CPU.ActiveCfg = Release|iPhoneSimulator
		{C4B8BBEE-1AAF-488B-812B-5346509C57FA}.Release|Any CPU.Build.0 = Release|iPhoneSimulator
		{C4B8BBEE-1AAF-488B-812B-5346509C57FA}.Release|iPhone.ActiveCfg = Release|iPhone
		{C4B8BBEE-1AAF-488B-812B-5346509C57FA}.Release|iPhone.Build.0 = Release|iPhone
		{C4B8BBEE-1AAF-488B-812B-5346509C57FA}.Release|iPhoneSimulator.ActiveCfg = Release|iPhoneSimulator
		{C4B8BBEE-1AAF-488B-812B-5346509C57FA}.Release|iPhoneSimulator.Build.0 = Release|iPhoneSimulator
	EndGlobalSection
	GlobalSection(SolutionProperties) = preSolution
		HideSolutionNode = FALSE
	EndGlobalSection
	GlobalSection(ExtensibilityGlobals) = postSolution
		SolutionGuid = {C23C02D3-480B-472F-9CFA-7BF2480515E4}
	EndGlobalSection
EndGlobal
